
Microsoft Visual Studio Solution File, Format Version 12.00
# Visual Studio Version 17
VisualStudioVersion = 17.3.32825.248
MinimumVisualStudioVersion = 10.0.40219.1
Project("{FAE04EC0-301F-11D3-BF4B-00C04F79EFBC}") = "TemplateMethod", "TemplateMethod\TemplateMethod.csproj", "{166DC46A-F22B-4BF4-927D-E510FCAE6BD0}"
EndProject
Global
	GlobalSection(SolutionConfigurationPlatforms) = preSolution
		Debug|Any CPU = Debug|Any CPU
		Release|Any CPU = Release|Any CPU
	EndGlobalSection
	GlobalSection(ProjectConfigurationPlatforms) = postSolution
		{166DC46A-F22B-4BF4-927D-E510FCAE6BD0}.Debug|Any CPU.ActiveCfg = Debug|Any CPU
		{166DC46A-F22B-4BF4-927D-E510FCAE6BD0}.Debug|Any CPU.Build.0 = Debug|Any CPU
		{166DC46A-F22B-4BF4-927D-E510FCAE6BD0}.Release|Any CPU.ActiveCfg = Release|Any CPU
		{166DC46A-F22B-4BF4-927D-E510FCAE6BD0}.Release|Any CPU.Build.0 = Release|Any CPU
	EndGlobalSection
	GlobalSection(SolutionProperties) = preSolution
		HideSolutionNode = FALSE
	EndGlobalSection
	GlobalSection(ExtensibilityGlobals) = postSolution
		SolutionGuid = {B5CA556A-5665-4B9D-9B93-6DF916D22F23}
	EndGlobalSection
EndGlobal
